
Microsoft Visual Studio Solution File, Format Version 12.00
# Visual Studio Version 16
VisualStudioVersion = 16.0.30104.148
MinimumVisualStudioVersion = 10.0.40219.1
Project("{FAE04EC0-301F-11D3-BF4B-00C04F79EFBC}") = "login de usuarios con interfaz", "login de usuarios con interfaz.csproj", "{7DE10377-EEEB-4C18-93A4-43BAF042BD81}"
EndProject
Global
	GlobalSection(SolutionConfigurationPlatforms) = preSolution
		Debug|Any CPU = Debug|Any CPU
		Release|Any CPU = Release|Any CPU
	EndGlobalSection
	GlobalSection(ProjectConfigurationPlatforms) = postSolution
		{7DE10377-EEEB-4C18-93A4-43BAF042BD81}.Debug|Any CPU.ActiveCfg = Debug|Any CPU
		{7DE10377-EEEB-4C18-93A4-43BAF042BD81}.Debug|Any CPU.Build.0 = Debug|Any CPU
		{7DE10377-EEEB-4C18-93A4-43BAF042BD81}.Release|Any CPU.ActiveCfg = Release|Any CPU
		{7DE10377-EEEB-4C18-93A4-43BAF042BD81}.Release|Any CPU.Build.0 = Release|Any CPU
	EndGlobalSection
	GlobalSection(SolutionProperties) = preSolution
		HideSolutionNode = FALSE
	EndGlobalSection
	GlobalSection(ExtensibilityGlobals) = postSolution
		SolutionGuid = {4F84D9BD-5599-4EC1-A2FA-017D899CD5E2}
	EndGlobalSection
EndGlobal
